<?xml version="1.0" encoding="utf-8"?>
<Project ToolsVersion="4.0" xmlns="http://schemas.microsoft.com/developer/msbuild/2003">
  <ItemGroup>
    <Filter Include="W_KamayAssist">
      <UniqueIdentifier>{75163792-033d-476f-b2d5-2d4318acc6ae}</UniqueIdentifier>
    </Filter>
    <Filter Include="W_KamayAssist\HXX">
      <UniqueIdentifier>{d244cb68-b408-4094-9046-a2289eed1924}</UniqueIdentifier>
    </Filter>
    <Filter Include="W_KamayAssist\CPP">
      <UniqueIdentifier>{8be0a0bc-b9ad-408b-84e0-c220f553be2b}</UniqueIdentifier>
    </Filter>
  </ItemGroup>
  <ItemGroup>
    <ClInclude Include="..\W_KamayAssist\HXX\Console.hxx">
      <Filter>W_KamayAssist\HXX</Filter>
    </ClInclude>
    <ClInclude Include="..\W_KamayAssist\HXX\FileSystem.hxx">
      <Filter>W_KamayAssist\HXX</Filter>
    </ClInclude>
    <ClInclude Include="..\W_KamayAssist\HXX\Includes.hxx">
      <Filter>W_KamayAssist\HXX</Filter>
    </ClInclude>
    <ClInclude Include="..\W_KamayAssist\HXX\Lib.hxx">
      <Filter>W_KamayAssist\HXX</Filter>
    </ClInclude>
    <ClInclude Include="..\W_KamayAssist\HXX\Process.hxx">
      <Filter>W_KamayAssist\HXX</Filter>
    </ClInclude>
    <ClInclude Include="..\W_KamayAssist\HXX\SigScanning.hxx">
      <Filter>W_KamayAssist\HXX</Filter>
    </ClInclude>
    <ClInclude Include="..\W_KamayAssist\HXX\Utils.hxx">
      <Filter>W_KamayAssist\HXX</Filter>
    </ClInclude>
    <ClInclude Include="..\W_KamayAssist\HXX\VirtualMemory.hxx">
      <Filter>W_KamayAssist\HXX</Filter>
    </ClInclude>
  </ItemGroup>
  <ItemGroup>
    <ClCompile Include="..\W_KamayAssist\CPP\Console.cpp">
      <Filter>W_KamayAssist\CPP</Filter>
    </ClCompile>
    <ClCompile Include="..\W_KamayAssist\CPP\DefineExternVariables.cpp">
      <Filter>W_KamayAssist\CPP</Filter>
    </ClCompile>
    <ClCompile Include="..\W_KamayAssist\CPP\FileSystem.cpp">
      <Filter>W_KamayAssist\CPP</Filter>
    </ClCompile>
    <ClCompile Include="..\W_KamayAssist\CPP\PCH.cpp">
      <Filter>W_KamayAssist\CPP</Filter>
    </ClCompile>
    <ClCompile Include="..\W_KamayAssist\CPP\Process.cpp">
      <Filter>W_KamayAssist\CPP</Filter>
    </ClCompile>
    <ClCompile Include="..\W_KamayAssist\CPP\SigScanning.cpp">
      <Filter>W_KamayAssist\CPP</Filter>
    </ClCompile>
    <ClCompile Include="..\W_KamayAssist\CPP\Utils.cpp">
      <Filter>W_KamayAssist\CPP</Filter>
    </ClCompile>
    <ClCompile Include="..\W_KamayAssist\CPP\VirtualMemory.cpp">
      <Filter>W_KamayAssist\CPP</Filter>
    </ClCompile>
    <ClCompile Include="Main.cpp" />
  </ItemGroup>
</Project>