<?xml version="1.0" encoding="utf-8"?>
<Project ToolsVersion="4.0" xmlns="http://schemas.microsoft.com/developer/msbuild/2003">
  <ItemGroup>
    <ClCompile Include="Main.cpp" />
    <ClCompile Include="..\W_KamayAssist\CPP\Console.cpp">
      <Filter>W_KamayAssist\CPP</Filter>
    </ClCompile>
    <ClCompile Include="..\W_KamayAssist\CPP\DefineExternVariables.cpp">
      <Filter>W_KamayAssist\CPP</Filter>
    </ClCompile>
    <ClCompile Include="..\W_KamayAssist\CPP\FileSystem.cpp">
      <Filter>W_KamayAssist\CPP</Filter>
    </ClCompile>
    <ClCompile Include="..\W_KamayAssist\CPP\PCH.cpp">
      <Filter>W_KamayAssist\CPP</Filter>
    </ClCompile>
    <ClCompile Include="..\W_KamayAssist\CPP\Process.cpp">
      <Filter>W_KamayAssist\CPP</Filter>
    </ClCompile>
    <ClCompile Include="..\W_KamayAssist\CPP\SigScanning.cpp">
      <Filter>W_KamayAssist\CPP</Filter>
    </ClCompile>
    <ClCompile Include="..\W_KamayAssist\CPP\Utils.cpp">
      <Filter>W_KamayAssist\CPP</Filter>
    </ClCompile>
    <ClCompile Include="..\W_KamayAssist\CPP\VirtualMemory.cpp">
      <Filter>W_KamayAssist\CPP</Filter>
    </ClCompile>
  </ItemGroup>
  <ItemGroup>
    <Filter Include="W_KamayAssist">
      <UniqueIdentifier>{bb86565c-9f49-4e2b-a131-baa4f8db6ac3}</UniqueIdentifier>
    </Filter>
    <Filter Include="W_KamayAssist\HXX">
      <UniqueIdentifier>{e5e6bebe-d699-4950-9d72-e15294a9c53c}</UniqueIdentifier>
    </Filter>
    <Filter Include="W_KamayAssist\CPP">
      <UniqueIdentifier>{8db93126-77bf-4570-8f7a-b4298f94d0a8}</UniqueIdentifier>
    </Filter>
  </ItemGroup>
  <ItemGroup>
    <ClInclude Include="..\W_KamayAssist\HXX\Console.hxx">
      <Filter>W_KamayAssist\HXX</Filter>
    </ClInclude>
    <ClInclude Include="..\W_KamayAssist\HXX\FileSystem.hxx">
      <Filter>W_KamayAssist\HXX</Filter>
    </ClInclude>
    <ClInclude Include="..\W_KamayAssist\HXX\Includes.hxx">
      <Filter>W_KamayAssist\HXX</Filter>
    </ClInclude>
    <ClInclude Include="..\W_KamayAssist\HXX\Lib.hxx">
      <Filter>W_KamayAssist\HXX</Filter>
    </ClInclude>
    <ClInclude Include="..\W_KamayAssist\HXX\Process.hxx">
      <Filter>W_KamayAssist\HXX</Filter>
    </ClInclude>
    <ClInclude Include="..\W_KamayAssist\HXX\SigScanning.hxx">
      <Filter>W_KamayAssist\HXX</Filter>
    </ClInclude>
    <ClInclude Include="..\W_KamayAssist\HXX\Utils.hxx">
      <Filter>W_KamayAssist\HXX</Filter>
    </ClInclude>
    <ClInclude Include="..\W_KamayAssist\HXX\VirtualMemory.hxx">
      <Filter>W_KamayAssist\HXX</Filter>
    </ClInclude>
  </ItemGroup>
</Project>